
Microsoft Visual Studio Solution File, Format Version 12.00
# Visual Studio Version 17
VisualStudioVersion = 17.3.32929.385
MinimumVisualStudioVersion = 10.0.40219.1
Project("{9A19103F-16F7-4668-BE54-9A1E7A4F7556}") = "Biometric", "Biometric.csproj", "{30DEBC9F-5A9A-4832-A79B-E77B6923AAE0}"
EndProject
Global
	GlobalSection(SolutionConfigurationPlatforms) = preSolution
		Debug|Any CPU = Debug|Any CPU
		Release|Any CPU = Release|Any CPU
	EndGlobalSection
	GlobalSection(ProjectConfigurationPlatforms) = postSolution
		{30DEBC9F-5A9A-4832-A79B-E77B6923AAE0}.Debug|Any CPU.ActiveCfg = Debug|Any CPU
		{30DEBC9F-5A9A-4832-A79B-E77B6923AAE0}.Debug|Any CPU.Build.0 = Debug|Any CPU
		{30DEBC9F-5A9A-4832-A79B-E77B6923AAE0}.Release|Any CPU.ActiveCfg = Release|Any CPU
		{30DEBC9F-5A9A-4832-A79B-E77B6923AAE0}.Release|Any CPU.Build.0 = Release|Any CPU
	EndGlobalSection
	GlobalSection(SolutionProperties) = preSolution
		HideSolutionNode = FALSE
	EndGlobalSection
	GlobalSection(ExtensibilityGlobals) = postSolution
		SolutionGuid = {78625A45-AF26-4705-9749-A3371E3AC5FE}
	EndGlobalSection
	GlobalSection(SharedMSBuildProjectFiles) = preSolution
		..\SharedFeatures\SharedFeatures.projitems*{30debc9f-5a9a-4832-a79b-e77b6923aae0}*SharedItemsImports = 5
	EndGlobalSection
EndGlobal
